// !$*UTF8*$!
{
	archiveVersion = 1;
	classes = {
	};
	objectVersion = 56;
	objects = {

/* Begin PBXBuildFile section */
		3D808AB929905C0200F6531E /* AppDelegate.swift in Sources */ = {isa = PBXBuildFile; fileRef = 3D808AB829905C0200F6531E /* AppDelegate.swift */; };
		3D808ABB29905C0200F6531E /* SceneDelegate.swift in Sources */ = {isa = PBXBuildFile; fileRef = 3D808ABA29905C0200F6531E /* SceneDelegate.swift */; };
		3D808AC029905C0200F6531E /* Main.storyboard in Resources */ = {isa = PBXBuildFile; fileRef = 3D808ABE29905C0200F6531E /* Main.storyboard */; };
		3D808AC229905C0300F6531E /* Assets.xcassets in Resources */ = {isa = PBXBuildFile; fileRef = 3D808AC129905C0300F6531E /* Assets.xcassets */; };
		3D808AC529905C0300F6531E /* LaunchScreen.storyboard in Resources */ = {isa = PBXBuildFile; fileRef = 3D808AC329905C0300F6531E /* LaunchScreen.storyboard */; };
		3D808AD429905CAA00F6531E /* AirQuality.swift in Sources */ = {isa = PBXBuildFile; fileRef = 3D808AD329905CAA00F6531E /* AirQuality.swift */; };
		3D808AD629905CBF00F6531E /* AirQualityController.swift in Sources */ = {isa = PBXBuildFile; fileRef = 3D808AD529905CBF00F6531E /* AirQualityController.swift */; };
		3D808AD92990738600F6531E /* NetworkError.swift in Sources */ = {isa = PBXBuildFile; fileRef = 3D808AD82990738600F6531E /* NetworkError.swift */; };
		3D808ADB2990B0F100F6531E /* CountryListTableViewController.swift in Sources */ = {isa = PBXBuildFile; fileRef = 3D808ADA2990B0F100F6531E /* CountryListTableViewController.swift */; };
		3D808ADD2990B0FB00F6531E /* StateListTableViewController.swift in Sources */ = {isa = PBXBuildFile; fileRef = 3D808ADC2990B0FB00F6531E /* StateListTableViewController.swift */; };
		3D808ADF2990B10700F6531E /* CityListTableViewController.swift in Sources */ = {isa = PBXBuildFile; fileRef = 3D808ADE2990B10700F6531E /* CityListTableViewController.swift */; };
		3D808AE12990B11600F6531E /* CityDataViewController.swift in Sources */ = {isa = PBXBuildFile; fileRef = 3D808AE02990B11600F6531E /* CityDataViewController.swift */; };
/* End PBXBuildFile section */

/* Begin PBXFileReference section */
		3D808AB529905C0200F6531E /* AirQualityAPI.app */ = {isa = PBXFileReference; explicitFileType = wrapper.application; includeInIndex = 0; path = AirQualityAPI.app; sourceTree = BUILT_PRODUCTS_DIR; };
		3D808AB829905C0200F6531E /* AppDelegate.swift */ = {isa = PBXFileReference; lastKnownFileType = sourcecode.swift; path = AppDelegate.swift; sourceTree = "<group>"; };
		3D808ABA29905C0200F6531E /* SceneDelegate.swift */ = {isa = PBXFileReference; lastKnownFileType = sourcecode.swift; path = SceneDelegate.swift; sourceTree = "<group>"; };
		3D808ABF29905C0200F6531E /* Base */ = {isa = PBXFileReference; lastKnownFileType = file.storyboard; name = Base; path = Base.lproj/Main.storyboard; sourceTree = "<group>"; };
		3D808AC129905C0300F6531E /* Assets.xcassets */ = {isa = PBXFileReference; lastKnownFileType = folder.assetcatalog; path = Assets.xcassets; sourceTree = "<group>"; };
		3D808AC429905C0300F6531E /* Base */ = {isa = PBXFileReference; lastKnownFileType = file.storyboard; name = Base; path = Base.lproj/LaunchScreen.storyboard; sourceTree = "<group>"; };
		3D808AC629905C0300F6531E /* Info.plist */ = {isa = PBXFileReference; lastKnownFileType = text.plist.xml; path = Info.plist; sourceTree = "<group>"; };
		3D808AD329905CAA00F6531E /* AirQuality.swift */ = {isa = PBXFileReference; lastKnownFileType = sourcecode.swift; path = AirQuality.swift; sourceTree = "<group>"; };
		3D808AD529905CBF00F6531E /* AirQualityController.swift */ = {isa = PBXFileReference; lastKnownFileType = sourcecode.swift; path = AirQualityController.swift; sourceTree = "<group>"; };
		3D808AD82990738600F6531E /* NetworkError.swift */ = {isa = PBXFileReference; lastKnownFileType = sourcecode.swift; path = NetworkError.swift; sourceTree = "<group>"; };
		3D808ADA2990B0F100F6531E /* CountryListTableViewController.swift */ = {isa = PBXFileReference; lastKnownFileType = sourcecode.swift; path = CountryListTableViewController.swift; sourceTree = "<group>"; };
		3D808ADC2990B0FB00F6531E /* StateListTableViewController.swift */ = {isa = PBXFileReference; lastKnownFileType = sourcecode.swift; path = StateListTableViewController.swift; sourceTree = "<group>"; };
		3D808ADE2990B10700F6531E /* CityListTableViewController.swift */ = {isa = PBXFileReference; lastKnownFileType = sourcecode.swift; path = CityListTableViewController.swift; sourceTree = "<group>"; };
		3D808AE02990B11600F6531E /* CityDataViewController.swift */ = {isa = PBXFileReference; lastKnownFileType = sourcecode.swift; path = CityDataViewController.swift; sourceTree = "<group>"; };
/* End PBXFileReference section */

/* Begin PBXFrameworksBuildPhase section */
		3D808AB229905C0200F6531E /* Frameworks */ = {
			isa = PBXFrameworksBuildPhase;
			buildActionMask = 2147483647;
			files = (
			);
			runOnlyForDeploymentPostprocessing = 0;
		};
/* End PBXFrameworksBuildPhase section */

/* Begin PBXGroup section */
		3D808AAC29905C0200F6531E = {
			isa = PBXGroup;
			children = (
				3D808AB729905C0200F6531E /* AirQualityAPI */,
				3D808AB629905C0200F6531E /* Products */,
			);
			sourceTree = "<group>";
		};
		3D808AB629905C0200F6531E /* Products */ = {
			isa = PBXGroup;
			children = (
				3D808AB529905C0200F6531E /* AirQualityAPI.app */,
			);
			name = Products;
			sourceTree = "<group>";
		};
		3D808AB729905C0200F6531E /* AirQualityAPI */ = {
			isa = PBXGroup;
			children = (
				3D808ACF29905C4600F6531E /* Models */,
				3D808ACE29905C3900F6531E /* Controllers */,
				3D808ACD29905C3100F6531E /* Views */,
				3D808AD72990736F00F6531E /* Helpers + Extensions */,
				3D808ACC29905C2000F6531E /* Resources */,
			);
			path = AirQualityAPI;
			sourceTree = "<group>";
		};
		3D808ACC29905C2000F6531E /* Resources */ = {
			isa = PBXGroup;
			children = (
				3D808AB829905C0200F6531E /* AppDelegate.swift */,
				3D808ABA29905C0200F6531E /* SceneDelegate.swift */,
				3D808AC129905C0300F6531E /* Assets.xcassets */,
				3D808AC629905C0300F6531E /* Info.plist */,
			);
			path = Resources;
			sourceTree = "<group>";
		};
		3D808ACD29905C3100F6531E /* Views */ = {
			isa = PBXGroup;
			children = (
				3D808ABE29905C0200F6531E /* Main.storyboard */,
				3D808AC329905C0300F6531E /* LaunchScreen.storyboard */,
			);
			path = Views;
			sourceTree = "<group>";
		};
		3D808ACE29905C3900F6531E /* Controllers */ = {
			isa = PBXGroup;
			children = (
				3D808AD229905C7D00F6531E /* ModelControllers */,
				3D808AD129905C7600F6531E /* ViewControllers */,
			);
			path = Controllers;
			sourceTree = "<group>";
		};
		3D808ACF29905C4600F6531E /* Models */ = {
			isa = PBXGroup;
			children = (
				3D808AD329905CAA00F6531E /* AirQuality.swift */,
			);
			path = Models;
			sourceTree = "<group>";
		};
		3D808AD129905C7600F6531E /* ViewControllers */ = {
			isa = PBXGroup;
			children = (
				3D808ADA2990B0F100F6531E /* CountryListTableViewController.swift */,
				3D808ADC2990B0FB00F6531E /* StateListTableViewController.swift */,
				3D808ADE2990B10700F6531E /* CityListTableViewController.swift */,
				3D808AE02990B11600F6531E /* CityDataViewController.swift */,
			);
			path = ViewControllers;
			sourceTree = "<group>";
		};
		3D808AD229905C7D00F6531E /* ModelControllers */ = {
			isa = PBXGroup;
			children = (
				3D808AD529905CBF00F6531E /* AirQualityController.swift */,
			);
			path = ModelControllers;
			sourceTree = "<group>";
		};
		3D808AD72990736F00F6531E /* Helpers + Extensions */ = {
			isa = PBXGroup;
			children = (
				3D808AD82990738600F6531E /* NetworkError.swift */,
			);
			path = "Helpers + Extensions";
			sourceTree = "<group>";
		};
/* End PBXGroup section */

/* Begin PBXNativeTarget section */
		3D808AB429905C0200F6531E /* AirQualityAPI */ = {
			isa = PBXNativeTarget;
			buildConfigurationList = 3D808AC929905C0300F6531E /* Build configuration list for PBXNativeTarget "AirQualityAPI" */;
			buildPhases = (
				3D808AB129905C0200F6531E /* Sources */,
				3D808AB229905C0200F6531E /* Frameworks */,
				3D808AB329905C0200F6531E /* Resources */,
			);
			buildRules = (
			);
			dependencies = (
			);
			name = AirQualityAPI;
			productName = AirQualityAPI;
			productReference = 3D808AB529905C0200F6531E /* AirQualityAPI.app */;
			productType = "com.apple.product-type.application";
		};
/* End PBXNativeTarget section */

/* Begin PBXProject section */
		3D808AAD29905C0200F6531E /* Project object */ = {
			isa = PBXProject;
			attributes = {
				BuildIndependentTargetsInParallel = 1;
				LastSwiftUpdateCheck = 1420;
				LastUpgradeCheck = 1420;
				TargetAttributes = {
					3D808AB429905C0200F6531E = {
						CreatedOnToolsVersion = 14.2;
					};
				};
			};
			buildConfigurationList = 3D808AB029905C0200F6531E /* Build configuration list for PBXProject "AirQualityAPI" */;
			compatibilityVersion = "Xcode 14.0";
			developmentRegion = en;
			hasScannedForEncodings = 0;
			knownRegions = (
				en,
				Base,
			);
			mainGroup = 3D808AAC29905C0200F6531E;
			productRefGroup = 3D808AB629905C0200F6531E /* Products */;
			projectDirPath = "";
			projectRoot = "";
			targets = (
				3D808AB429905C0200F6531E /* AirQualityAPI */,
			);
		};
/* End PBXProject section */

/* Begin PBXResourcesBuildPhase section */
		3D808AB329905C0200F6531E /* Resources */ = {
			isa = PBXResourcesBuildPhase;
			buildActionMask = 2147483647;
			files = (
				3D808AC529905C0300F6531E /* LaunchScreen.storyboard in Resources */,
				3D808AC229905C0300F6531E /* Assets.xcassets in Resources */,
				3D808AC029905C0200F6531E /* Main.storyboard in Resources */,
			);
			runOnlyForDeploymentPostprocessing = 0;
		};
/* End PBXResourcesBuildPhase section */

/* Begin PBXSourcesBuildPhase section */
		3D808AB129905C0200F6531E /* Sources */ = {
			isa = PBXSourcesBuildPhase;
			buildActionMask = 2147483647;
			files = (
				3D808ADF2990B10700F6531E /* CityListTableViewController.swift in Sources */,
				3D808ADB2990B0F100F6531E /* CountryListTableViewController.swift in Sources */,
				3D808ADD2990B0FB00F6531E /* StateListTableViewController.swift in Sources */,
				3D808AB929905C0200F6531E /* AppDelegate.swift in Sources */,
				3D808AD429905CAA00F6531E /* AirQuality.swift in Sources */,
				3D808AD629905CBF00F6531E /* AirQualityController.swift in Sources */,
				3D808AE12990B11600F6531E /* CityDataViewController.swift in Sources */,
				3D808ABB29905C0200F6531E /* SceneDelegate.swift in Sources */,
				3D808AD92990738600F6531E /* NetworkError.swift in Sources */,
			);
			runOnlyForDeploymentPostprocessing = 0;
		};
/* End PBXSourcesBuildPhase section */

/* Begin PBXVariantGroup section */
		3D808ABE29905C0200F6531E /* Main.storyboard */ = {
			isa = PBXVariantGroup;
			children = (
				3D808ABF29905C0200F6531E /* Base */,
			);
			name = Main.storyboard;
			sourceTree = "<group>";
		};
		3D808AC329905C0300F6531E /* LaunchScreen.storyboard */ = {
			isa = PBXVariantGroup;
			children = (
				3D808AC429905C0300F6531E /* Base */,
			);
			name = LaunchScreen.storyboard;
			sourceTree = "<group>";
		};
/* End PBXVariantGroup section */

/* Begin XCBuildConfiguration section */
		3D808AC729905C0300F6531E /* Debug */ = {
			isa = XCBuildConfiguration;
			buildSettings = {
				ALWAYS_SEARCH_USER_PATHS = NO;
				CLANG_ANALYZER_NONNULL = YES;
				CLANG_ANALYZER_NUMBER_OBJECT_CONVERSION = YES_AGGRESSIVE;
				CLANG_CXX_LANGUAGE_STANDARD = "gnu++20";
				CLANG_ENABLE_MODULES = YES;
				CLANG_ENABLE_OBJC_ARC = YES;
				CLANG_ENABLE_OBJC_WEAK = YES;
				CLANG_WARN_BLOCK_CAPTURE_AUTORELEASING = YES;
				CLANG_WARN_BOOL_CONVERSION = YES;
				CLANG_WARN_COMMA = YES;
				CLANG_WARN_CONSTANT_CONVERSION = YES;
				CLANG_WARN_DEPRECATED_OBJC_IMPLEMENTATIONS = YES;
				CLANG_WARN_DIRECT_OBJC_ISA_USAGE = YES_ERROR;
				CLANG_WARN_DOCUMENTATION_COMMENTS = YES;
				CLANG_WARN_EMPTY_BODY = YES;
				CLANG_WARN_ENUM_CONVERSION = YES;
				CLANG_WARN_INFINITE_RECURSION = YES;
				CLANG_WARN_INT_CONVERSION = YES;
				CLANG_WARN_NON_LITERAL_NULL_CONVERSION = YES;
				CLANG_WARN_OBJC_IMPLICIT_RETAIN_SELF = YES;
				CLANG_WARN_OBJC_LITERAL_CONVERSION = YES;
				CLANG_WARN_OBJC_ROOT_CLASS = YES_ERROR;
				CLANG_WARN_QUOTED_INCLUDE_IN_FRAMEWORK_HEADER = YES;
				CLANG_WARN_RANGE_LOOP_ANALYSIS = YES;
				CLANG_WARN_STRICT_PROTOTYPES = YES;
				CLANG_WARN_SUSPICIOUS_MOVE = YES;
				CLANG_WARN_UNGUARDED_AVAILABILITY = YES_AGGRESSIVE;
				CLANG_WARN_UNREACHABLE_CODE = YES;
				CLANG_WARN__DUPLICATE_METHOD_MATCH = YES;
				COPY_PHASE_STRIP = NO;
				DEBUG_INFORMATION_FORMAT = dwarf;
				ENABLE_STRICT_OBJC_MSGSEND = YES;
				ENABLE_TESTABILITY = YES;
				GCC_C_LANGUAGE_STANDARD = gnu11;
				GCC_DYNAMIC_NO_PIC = NO;
				GCC_NO_COMMON_BLOCKS = YES;
				GCC_OPTIMIZATION_LEVEL = 0;
				GCC_PREPROCESSOR_DEFINITIONS = (
					"DEBUG=1",
					"$(inherited)",
				);
				GCC_WARN_64_TO_32_BIT_CONVERSION = YES;
				GCC_WARN_ABOUT_RETURN_TYPE = YES_ERROR;
				GCC_WARN_UNDECLARED_SELECTOR = YES;
				GCC_WARN_UNINITIALIZED_AUTOS = YES_AGGRESSIVE;
				GCC_WARN_UNUSED_FUNCTION = YES;
				GCC_WARN_UNUSED_VARIABLE = YES;
				IPHONEOS_DEPLOYMENT_TARGET = 16.2;
				MTL_ENABLE_DEBUG_INFO = INCLUDE_SOURCE;
				MTL_FAST_MATH = YES;
				ONLY_ACTIVE_ARCH = YES;
				SDKROOT = iphoneos;
				SWIFT_ACTIVE_COMPILATION_CONDITIONS = DEBUG;
				SWIFT_OPTIMIZATION_LEVEL = "-Onone";
			};
			name = Debug;
		};
		3D808AC829905C0300F6531E /* Release */ = {
			isa = XCBuildConfiguration;
			buildSettings = {
				ALWAYS_SEARCH_USER_PATHS = NO;
				CLANG_ANALYZER_NONNULL = YES;
				CLANG_ANALYZER_NUMBER_OBJECT_CONVERSION = YES_AGGRESSIVE;
				CLANG_CXX_LANGUAGE_STANDARD = "gnu++20";
				CLANG_ENABLE_MODULES = YES;
				CLANG_ENABLE_OBJC_ARC = YES;
				CLANG_ENABLE_OBJC_WEAK = YES;
				CLANG_WARN_BLOCK_CAPTURE_AUTORELEASING = YES;
				CLANG_WARN_BOOL_CONVERSION = YES;
				CLANG_WARN_COMMA = YES;
				CLANG_WARN_CONSTANT_CONVERSION = YES;
				CLANG_WARN_DEPRECATED_OBJC_IMPLEMENTATIONS = YES;
				CLANG_WARN_DIRECT_OBJC_ISA_USAGE = YES_ERROR;
				CLANG_WARN_DOCUMENTATION_COMMENTS = YES;
				CLANG_WARN_EMPTY_BODY = YES;
				CLANG_WARN_ENUM_CONVERSION = YES;
				CLANG_WARN_INFINITE_RECURSION = YES;
				CLANG_WARN_INT_CONVERSION = YES;
				CLANG_WARN_NON_LITERAL_NULL_CONVERSION = YES;
				CLANG_WARN_OBJC_IMPLICIT_RETAIN_SELF = YES;
				CLANG_WARN_OBJC_LITERAL_CONVERSION = YES;
				CLANG_WARN_OBJC_ROOT_CLASS = YES_ERROR;
				CLANG_WARN_QUOTED_INCLUDE_IN_FRAMEWORK_HEADER = YES;
				CLANG_WARN_RANGE_LOOP_ANALYSIS = YES;
				CLANG_WARN_STRICT_PROTOTYPES = YES;
				CLANG_WARN_SUSPICIOUS_MOVE = YES;
				CLANG_WARN_UNGUARDED_AVAILABILITY = YES_AGGRESSIVE;
				CLANG_WARN_UNREACHABLE_CODE = YES;
				CLANG_WARN__DUPLICATE_METHOD_MATCH = YES;
				COPY_PHASE_STRIP = NO;
				DEBUG_INFORMATION_FORMAT = "dwarf-with-dsym";
				ENABLE_NS_ASSERTIONS = NO;
				ENABLE_STRICT_OBJC_MSGSEND = YES;
				GCC_C_LANGUAGE_STANDARD = gnu11;
				GCC_NO_COMMON_BLOCKS = YES;
				GCC_WARN_64_TO_32_BIT_CONVERSION = YES;
				GCC_WARN_ABOUT_RETURN_TYPE = YES_ERROR;
				GCC_WARN_UNDECLARED_SELECTOR = YES;
				GCC_WARN_UNINITIALIZED_AUTOS = YES_AGGRESSIVE;
				GCC_WARN_UNUSED_FUNCTION = YES;
				GCC_WARN_UNUSED_VARIABLE = YES;
				IPHONEOS_DEPLOYMENT_TARGET = 16.2;
				MTL_ENABLE_DEBUG_INFO = NO;
				MTL_FAST_MATH = YES;
				SDKROOT = iphoneos;
				SWIFT_COMPILATION_MODE = wholemodule;
				SWIFT_OPTIMIZATION_LEVEL = "-O";
				VALIDATE_PRODUCT = YES;
			};
			name = Release;
		};
		3D808ACA29905C0300F6531E /* Debug */ = {
			isa = XCBuildConfiguration;
			buildSettings = {
				ASSETCATALOG_COMPILER_APPICON_NAME = AppIcon;
				ASSETCATALOG_COMPILER_GLOBAL_ACCENT_COLOR_NAME = AccentColor;
				CODE_SIGN_STYLE = Automatic;
				CURRENT_PROJECT_VERSION = 1;
				GENERATE_INFOPLIST_FILE = YES;
				INFOPLIST_FILE = AirQualityAPI/Resources/Info.plist;
				INFOPLIST_KEY_UIApplicationSupportsIndirectInputEvents = YES;
				INFOPLIST_KEY_UILaunchStoryboardName = LaunchScreen;
				INFOPLIST_KEY_UIMainStoryboardFile = Main;
				INFOPLIST_KEY_UISupportedInterfaceOrientations_iPad = "UIInterfaceOrientationPortrait UIInterfaceOrientationPortraitUpsideDown UIInterfaceOrientationLandscapeLeft UIInterfaceOrientationLandscapeRight";
				INFOPLIST_KEY_UISupportedInterfaceOrientations_iPhone = "UIInterfaceOrientationPortrait UIInterfaceOrientationLandscapeLeft UIInterfaceOrientationLandscapeRight";
				IPHONEOS_DEPLOYMENT_TARGET = 16.2;
				LD_RUNPATH_SEARCH_PATHS = (
					"$(inherited)",
					"@executable_path/Frameworks",
				);
				MARKETING_VERSION = 1.0;
				PRODUCT_BUNDLE_IDENTIFIER = com.Marillion.AirQualityAPI;
				PRODUCT_NAME = "$(TARGET_NAME)";
				SWIFT_EMIT_LOC_STRINGS = YES;
				SWIFT_VERSION = 5.0;
				TARGETED_DEVICE_FAMILY = "1,2";
			};
			name = Debug;
		};
		3D808ACB29905C0300F6531E /* Release */ = {
			isa = XCBuildConfiguration;
			buildSettings = {
				ASSETCATALOG_COMPILER_APPICON_NAME = AppIcon;
				ASSETCATALOG_COMPILER_GLOBAL_ACCENT_COLOR_NAME = AccentColor;
				CODE_SIGN_STYLE = Automatic;
				CURRENT_PROJECT_VERSION = 1;
				GENERATE_INFOPLIST_FILE = YES;
				INFOPLIST_FILE = AirQualityAPI/Resources/Info.plist;
				INFOPLIST_KEY_UIApplicationSupportsIndirectInputEvents = YES;
				INFOPLIST_KEY_UILaunchStoryboardName = LaunchScreen;
				INFOPLIST_KEY_UIMainStoryboardFile = Main;
				INFOPLIST_KEY_UISupportedInterfaceOrientations_iPad = "UIInterfaceOrientationPortrait UIInterfaceOrientationPortraitUpsideDown UIInterfaceOrientationLandscapeLeft UIInterfaceOrientationLandscapeRight";
				INFOPLIST_KEY_UISupportedInterfaceOrientations_iPhone = "UIInterfaceOrientationPortrait UIInterfaceOrientationLandscapeLeft UIInterfaceOrientationLandscapeRight";
				IPHONEOS_DEPLOYMENT_TARGET = 16.2;
				LD_RUNPATH_SEARCH_PATHS = (
					"$(inherited)",
					"@executable_path/Frameworks",
				);
				MARKETING_VERSION = 1.0;
				PRODUCT_BUNDLE_IDENTIFIER = com.Marillion.AirQualityAPI;
				PRODUCT_NAME = "$(TARGET_NAME)";
				SWIFT_EMIT_LOC_STRINGS = YES;
				SWIFT_VERSION = 5.0;
				TARGETED_DEVICE_FAMILY = "1,2";
			};
			name = Release;
		};
/* End XCBuildConfiguration section */

/* Begin XCConfigurationList section */
		3D808AB029905C0200F6531E /* Build configuration list for PBXProject "AirQualityAPI" */ = {
			isa = XCConfigurationList;
			buildConfigurations = (
				3D808AC729905C0300F6531E /* Debug */,
				3D808AC829905C0300F6531E /* Release */,
			);
			defaultConfigurationIsVisible = 0;
			defaultConfigurationName = Release;
		};
		3D808AC929905C0300F6531E /* Build configuration list for PBXNativeTarget "AirQualityAPI" */ = {
			isa = XCConfigurationList;
			buildConfigurations = (
				3D808ACA29905C0300F6531E /* Debug */,
				3D808ACB29905C0300F6531E /* Release */,
			);
			defaultConfigurationIsVisible = 0;
			defaultConfigurationName = Release;
		};
/* End XCConfigurationList section */
	};
	rootObject = 3D808AAD29905C0200F6531E /* Project object */;
}
